
Microsoft Visual Studio Solution File, Format Version 12.00
# Visual Studio 15
VisualStudioVersion = 15.0.28307.1300
MinimumVisualStudioVersion = 10.0.40219.1
Project("{159641D6-6404-4A2A-AE62-294DE0FE8301}") = "Team_02_M2_D2_ETL_Project_12200-John", "Team_02_M2_D2_ETL_Project_12200-John\Team_02_M2_D2_ETL_Project_12200-John.dtproj", "{2F8D1915-B085-4460-9B16-600CA4C610E4}"
EndProject
Global
	GlobalSection(SolutionConfigurationPlatforms) = preSolution
		Development|Default = Development|Default
	EndGlobalSection
	GlobalSection(ProjectConfigurationPlatforms) = postSolution
		{2F8D1915-B085-4460-9B16-600CA4C610E4}.Development|Default.ActiveCfg = Development
		{2F8D1915-B085-4460-9B16-600CA4C610E4}.Development|Default.Build.0 = Development
	EndGlobalSection
	GlobalSection(SolutionProperties) = preSolution
		HideSolutionNode = FALSE
	EndGlobalSection
	GlobalSection(ExtensibilityGlobals) = postSolution
		SolutionGuid = {A5CF7FF6-033B-4DEE-9F3C-A40922550864}
	EndGlobalSection
EndGlobal
