
Microsoft Visual Studio Solution File, Format Version 12.00
# Visual Studio 15
VisualStudioVersion = 15.0.28307.1267
MinimumVisualStudioVersion = 10.0.40219.1
Project("{159641D6-6404-4A2A-AE62-294DE0FE8301}") = "Team_02_M2_D2_ETL_Project_10700-Jon", "Team_02_M2_D2_ETL_Project_10700-Jon\Team_02_M2_D2_ETL_Project_10700-Jon.dtproj", "{8E987220-E45C-4AE8-938E-5636816DF934}"
EndProject
Global
	GlobalSection(SolutionConfigurationPlatforms) = preSolution
		Development|Default = Development|Default
	EndGlobalSection
	GlobalSection(ProjectConfigurationPlatforms) = postSolution
		{8E987220-E45C-4AE8-938E-5636816DF934}.Development|Default.ActiveCfg = Development
		{8E987220-E45C-4AE8-938E-5636816DF934}.Development|Default.Build.0 = Development
	EndGlobalSection
	GlobalSection(SolutionProperties) = preSolution
		HideSolutionNode = FALSE
	EndGlobalSection
	GlobalSection(ExtensibilityGlobals) = postSolution
		SolutionGuid = {CA837F89-159F-49EA-AB15-E535424FC855}
	EndGlobalSection
EndGlobal
